{
    "_readme": [
        "This file locks the dependencies of your project to a known state",
        "Read more about it at https://getcomposer.org/doc/01-basic-usage.md#installing-dependencies",
        "This file is @generated automatically"
    ],
    "content-hash": "37af52922354ae7c35d39c8fd2f59e7a",
    "packages": [
        {
            "name": "eo/passbook",
            "version": "dev-master",
            "source": {
                "type": "git",
                "url": "https://github.com/eymengunay/php-passbook.git",
                "reference": "37157ec61a95b78a03894b0267e5ba5cb7f38da6"
            },
            "dist": {
                "type": "zip",
                "url": "https://api.github.com/repos/eymengunay/php-passbook/zipball/37157ec61a95b78a03894b0267e5ba5cb7f38da6",
                "reference": "37157ec61a95b78a03894b0267e5ba5cb7f38da6",
                "shasum": ""
            },
            "require": {
                "ext-openssl": "*",
                "ext-zip": "*",
                "php": ">=7.4"
            },
            "require-dev": {
                "nunomaduro/phpinsights": "dev-master",
                "phpunit/phpunit": "^9.0"
            },
            "default-branch": true,
            "type": "library",
            "extra": {
                "branch-alias": {
                    "dev-master": "3.0.x-dev"
                }
            },
            "autoload": {
                "psr-4": {
                    "Passbook\\": "src/Passbook/"
                }
            },
            "notification-url": "https://packagist.org/downloads/",
            "license": [
                "MIT"
            ],
            "authors": [
                {
                    "name": "Eymen Gunay",
                    "email": "eymen@egunay.com"
                }
            ],
            "description": "iOS Passbook for PHP",
            "homepage": "https://github.com/eymengunay/php-passbook",
            "keywords": [
                "coupons",
                "ios",
                "mobile",
                "pass",
                "passbook",
                "tickets",
                "wallet"
            ],
            "support": {
                "issues": "https://github.com/eymengunay/php-passbook/issues",
                "source": "https://github.com/eymengunay/php-passbook/tree/v3.1.2"
            },
            "time": "2023-06-22T07:15:47+00:00"
        }
    ],
    "packages-dev": [],
    "aliases": [],
    "minimum-stability": "stable",
    "stability-flags": {
        "eo/passbook": 20
    },
    "prefer-stable": false,
    "prefer-lowest": false,
    "platform": [],
    "platform-dev": [],
    "plugin-api-version": "2.0.0"
}
